<?xml version="1.0" encoding="utf-8"?>
<Project ToolsVersion="4.0" xmlns="http://schemas.microsoft.com/developer/msbuild/2003">
  <ItemGroup>
    <Filter Include="源文件">
      <UniqueIdentifier>{4FC737F1-C7A5-4376-A066-2A32D752A2FF}</UniqueIdentifier>
      <Extensions>cpp;c;cc;cxx;c++;cppm;ixx;def;odl;idl;hpj;bat;asm;asmx</Extensions>
    </Filter>
    <Filter Include="头文件">
      <UniqueIdentifier>{93995380-89BD-4b04-88EB-625FBE52EBFB}</UniqueIdentifier>
      <Extensions>h;hh;hpp;hxx;h++;hm;inl;inc;ipp;xsd</Extensions>
    </Filter>
    <Filter Include="资源文件">
      <UniqueIdentifier>{67DA6AB6-F800-4c08-8B7A-83BB121AAD01}</UniqueIdentifier>
      <Extensions>rc;ico;cur;bmp;dlg;rc2;rct;bin;rgs;gif;jpg;jpeg;jpe;resx;tiff;tif;png;wav;mfcribbon-ms</Extensions>
    </Filter>
  </ItemGroup>
  <ItemGroup>
    <ClCompile Include="main.cpp">
      <Filter>源文件</Filter>
    </ClCompile>
  </ItemGroup>
  <ItemGroup>
    <ClInclude Include="vector.h">
      <Filter>头文件</Filter>
    </ClInclude>
    <ClInclude Include="vector_implementation.h">
      <Filter>头文件</Filter>
    </ClInclude>
    <ClInclude Include="Vector_traverse.h">
      <Filter>头文件</Filter>
    </ClInclude>
    <ClInclude Include="vector_constructor_by_copying.h">
      <Filter>头文件</Filter>
    </ClInclude>
    <ClInclude Include="Vector_find.h">
      <Filter>头文件</Filter>
    </ClInclude>
    <ClInclude Include="vector_bracket.h">
      <Filter>头文件</Filter>
    </ClInclude>
    <ClInclude Include="Vector_search_binary_C.h">
      <Filter>头文件</Filter>
    </ClInclude>
    <ClInclude Include="Vector_search_binary_A.h">
      <Filter>头文件</Filter>
    </ClInclude>
    <ClInclude Include="Vector_search.h">
      <Filter>头文件</Filter>
    </ClInclude>
    <ClInclude Include="Vector_insert.h">
      <Filter>头文件</Filter>
    </ClInclude>
    <ClInclude Include="vector_assignment.h">
      <Filter>头文件</Filter>
    </ClInclude>
    <ClInclude Include="vector_expand.h">
      <Filter>头文件</Filter>
    </ClInclude>
    <ClInclude Include="vector_remove.h">
      <Filter>头文件</Filter>
    </ClInclude>
    <ClInclude Include="vector_removeInterval.h">
      <Filter>头文件</Filter>
    </ClInclude>
    <ClInclude Include="vector_shrink.h">
      <Filter>头文件</Filter>
    </ClInclude>
    <ClInclude Include="Vector_sort.h">
      <Filter>头文件</Filter>
    </ClInclude>
    <ClInclude Include="Vector_unsort.h">
      <Filter>头文件</Filter>
    </ClInclude>
    <ClInclude Include="Vector_deduplicate.h">
      <Filter>头文件</Filter>
    </ClInclude>
    <ClInclude Include="vector_deduplicate_1.h">
      <Filter>头文件</Filter>
    </ClInclude>
    <ClInclude Include="vector_deduplicate_wrong_1.h">
      <Filter>头文件</Filter>
    </ClInclude>
    <ClInclude Include="Vector_uniquify.h">
      <Filter>头文件</Filter>
    </ClInclude>
    <ClInclude Include="Vector_search_fibonaccian_A.h">
      <Filter>头文件</Filter>
    </ClInclude>
    <ClInclude Include="Vector_search_binary_B.h">
      <Filter>头文件</Filter>
    </ClInclude>
    <ClInclude Include="Vector_search_fibonaccian_B.h">
      <Filter>头文件</Filter>
    </ClInclude>
    <ClInclude Include="..\fibonacci\Fib.h">
      <Filter>头文件</Filter>
    </ClInclude>
    <ClInclude Include="vector_bubbleSort_C.h">
      <Filter>头文件</Filter>
    </ClInclude>
    <ClInclude Include="vector_bubbleSort_A.h">
      <Filter>头文件</Filter>
    </ClInclude>
    <ClInclude Include="vector_bubbleSort_B.h">
      <Filter>头文件</Filter>
    </ClInclude>
  </ItemGroup>
</Project>